
Microsoft Visual Studio Solution File, Format Version 12.00
Project("{FAE04EC0-301F-11D3-BF4B-00C04F79EFBC}") = "ChatServer", "ChatServer\ChatServer.csproj", "{1204758D-2C0F-487A-9160-C62BA448973D}"
EndProject
Global
	GlobalSection(SolutionConfigurationPlatforms) = preSolution
		Debug|Any CPU = Debug|Any CPU
		Release|Any CPU = Release|Any CPU
	EndGlobalSection
	GlobalSection(ProjectConfigurationPlatforms) = postSolution
		{1204758D-2C0F-487A-9160-C62BA448973D}.Debug|Any CPU.ActiveCfg = Debug|Any CPU
		{1204758D-2C0F-487A-9160-C62BA448973D}.Debug|Any CPU.Build.0 = Debug|Any CPU
		{1204758D-2C0F-487A-9160-C62BA448973D}.Release|Any CPU.ActiveCfg = Release|Any CPU
		{1204758D-2C0F-487A-9160-C62BA448973D}.Release|Any CPU.Build.0 = Release|Any CPU
	EndGlobalSection
EndGlobal
