
Microsoft Visual Studio Solution File, Format Version 12.00
Project("{FAE04EC0-301F-11D3-BF4B-00C04F79EFBC}") = "ChatServer", "ChatServer\ChatServer.csproj", "{09A8A7AB-8A96-47B7-BEA9-D587130E20C8}"
EndProject
Project("{FAE04EC0-301F-11D3-BF4B-00C04F79EFBC}") = "ChatWebClient", "ChatWebClient\ChatWebClient.csproj", "{FF12EDFA-55FC-4AD1-AB9B-2AE2AD8F0C43}"
EndProject
Project("{FAE04EC0-301F-11D3-BF4B-00C04F79EFBC}") = "ChatConsoleClient", "ChatConsoleClient\ChatConsoleClient.csproj", "{D808587A-A2F5-4FC2-A743-1C2F80BE766C}"
EndProject
Project("{FAE04EC0-301F-11D3-BF4B-00C04F79EFBC}") = "ChatContract", "ChatContract\ChatContract.csproj", "{7A16381C-40BF-46BE-A32F-FD107CBF87E1}"
EndProject
Project("{2150E333-8FDC-42A3-9474-1A3956D46DE8}") = "InfraComposition", "InfraComposition", "{73563CA2-AC7C-4488-BCFE-696A09D86302}"
EndProject
Global
	GlobalSection(SolutionConfigurationPlatforms) = preSolution
		Debug|Any CPU = Debug|Any CPU
		Release|Any CPU = Release|Any CPU
	EndGlobalSection
	GlobalSection(ProjectConfigurationPlatforms) = postSolution
		{09A8A7AB-8A96-47B7-BEA9-D587130E20C8}.Debug|Any CPU.ActiveCfg = Debug|Any CPU
		{09A8A7AB-8A96-47B7-BEA9-D587130E20C8}.Debug|Any CPU.Build.0 = Debug|Any CPU
		{09A8A7AB-8A96-47B7-BEA9-D587130E20C8}.Release|Any CPU.ActiveCfg = Release|Any CPU
		{09A8A7AB-8A96-47B7-BEA9-D587130E20C8}.Release|Any CPU.Build.0 = Release|Any CPU
		{FF12EDFA-55FC-4AD1-AB9B-2AE2AD8F0C43}.Debug|Any CPU.ActiveCfg = Debug|Any CPU
		{FF12EDFA-55FC-4AD1-AB9B-2AE2AD8F0C43}.Debug|Any CPU.Build.0 = Debug|Any CPU
		{FF12EDFA-55FC-4AD1-AB9B-2AE2AD8F0C43}.Release|Any CPU.ActiveCfg = Release|Any CPU
		{FF12EDFA-55FC-4AD1-AB9B-2AE2AD8F0C43}.Release|Any CPU.Build.0 = Release|Any CPU
		{D808587A-A2F5-4FC2-A743-1C2F80BE766C}.Debug|Any CPU.ActiveCfg = Debug|Any CPU
		{D808587A-A2F5-4FC2-A743-1C2F80BE766C}.Debug|Any CPU.Build.0 = Debug|Any CPU
		{D808587A-A2F5-4FC2-A743-1C2F80BE766C}.Release|Any CPU.ActiveCfg = Release|Any CPU
		{D808587A-A2F5-4FC2-A743-1C2F80BE766C}.Release|Any CPU.Build.0 = Release|Any CPU
		{7A16381C-40BF-46BE-A32F-FD107CBF87E1}.Debug|Any CPU.ActiveCfg = Debug|Any CPU
		{7A16381C-40BF-46BE-A32F-FD107CBF87E1}.Debug|Any CPU.Build.0 = Debug|Any CPU
		{7A16381C-40BF-46BE-A32F-FD107CBF87E1}.Release|Any CPU.ActiveCfg = Release|Any CPU
		{7A16381C-40BF-46BE-A32F-FD107CBF87E1}.Release|Any CPU.Build.0 = Release|Any CPU
	EndGlobalSection
EndGlobal
